{
  "name": "seichijunrei-cloudflare-worker",
  "lockfileVersion": 3,
  "requires": true,
  "packages": {
    "": {
      "name": "seichijunrei-cloudflare-worker",
      "dependencies": {
        "@cloudflare/containers": "^0.3.7",
        "hono": "^4.9.10"
      },
      "engines": {
        "node": ">=24"
      }
    },
    "node_modules/@cloudflare/containers": {
      "version": "0.3.7",
      "resolved": "https://registry.npmjs.org/@cloudflare/containers/-/containers-0.3.7.tgz",
      "integrity": "sha512-DM9dm3FnIBSyiSJ1FLavKwl/lk3oAmTaynCzZQ9pZR0ncRPquSxkxd8Nu2MFILxmDDsPkxKsSNEh9mHHMty4Fw==",
      "license": "MIT OR Apache-2.0"
    },
    "node_modules/hono": {
      "version": "4.12.26",
      "resolved": "https://registry.npmjs.org/hono/-/hono-4.12.26.tgz",
      "integrity": "sha512-uyZtpnYxM9CmQ7QsQknM4zN8EftNqhON1qYeIKM0Se67CCEe2c44xyGURwB0axX2fBDu1dqHrHAc1hmNT8ITkw==",
      "license": "MIT",
      "engines": {
        "node": ">=16.9.0"
      }
    }
  }
}
